[metadata]
lock_version = 3
declaration_hash_version = 1
declaration_hash = "sha256:2595246ec37a382d572562f5a01c0094c794aad23896bc820664151f7596066e"
generated_by = "ocx 0.5.6"
generated_at = "2026-08-07T06:20:11Z"

[[tool]]
name = "bun"
group = "default"
repository = "ocx.sh/oven-sh/bun"

[tool.platforms]
"darwin/arm64" = "sha256:0a6b42c31b78783a9a33635758804331d712212663ff73a6d5887ff6db752f80"
"linux/amd64+libc.glibc" = "sha256:7a312cf0b8a7d63f91f9787dd730f1fff1e94dcd8e912f4f69174beb874ce37f"
"linux/amd64+libc.musl" = "sha256:0dad5b864098de46a87ab66b02d9c20fadb0aa22603fbaa10cb7620c62302901"
"linux/arm64+libc.glibc" = "sha256:0f3c1eefbb2f855f2972af4de89b2fe9fb6ae207b9b24ae84b18c4ce27adc79a"
"linux/arm64+libc.musl" = "sha256:f776d6b9caa9df0ea7ca109c626f2f39c63785be84b8381a2b052b1544753161"
"windows/amd64" = "sha256:18f1cb35b22bac48184f0b4637f619c8764f4e66cfa2d4c070eb11c3a6eb1b20"

[[tool]]
name = "git-cliff"
group = "default"
repository = "ocx.sh/git-cliff/git-cliff"

[tool.platforms]
"darwin/amd64" = "sha256:895c57b54ef4fa802287dfdf03194f4b4c21c4436c8387481beade38804962e4"
"darwin/arm64" = "sha256:8cd8c0991f764ca3ef6ffae87e2108af9ce93b6e05a8fcca92c5f05e0be660ab"
"linux/amd64" = "sha256:01c961c1bbaefdfb3aea7b3951e1350240ba6a6d2dd508bc3a822f8a00eaf9ef"
"linux/arm64" = "sha256:b2e8bb993af7988798760e2a4d8d19a7004285440cab4b42cea9bf5b8abb0479"
"windows/amd64" = "sha256:201c71efad91d1f0f1de48f50f5baafca7c46c15d20395dfb0de37c1e45fac2a"
"windows/arm64" = "sha256:0f6e2d81d4f812991293b5b1e645eedbf7e3b0a7086b10a18d51d7f6dd055389"

[[tool]]
name = "go-task"
group = "default"
repository = "ocx.sh/go-task/task"

[tool.platforms]
"darwin/amd64" = "sha256:ca9eadfd812b047330bb6b0bb5335350c9d247322fbf6585b6e48b21800b8993"
"darwin/arm64" = "sha256:5ed31fcedb9c419f547ff16c14dddd594778e57ee9deaba3445ccdb37d79b906"
"linux/amd64" = "sha256:e47cb22869b6af06ec405a553c4258c2f3d122b1b15c510ea78c9a7edee758aa"
"linux/arm64" = "sha256:0a2165fdaae5f0a9ecb7513115db95d8982a19a945345d1bec59192884d38a02"
"windows/amd64" = "sha256:0e8ec12f2485964e32265998cca011a9815be1418e411e68b46fe605fc988e59"
"windows/arm64" = "sha256:685070855f52a4cc145f9e89ac43204bf830f7f1ec2a0f72f0229d40c5cd2dcf"

[[tool]]
name = "nodejs"
group = "default"
repository = "ocx.sh/nodejs/node"

[tool.platforms]
"darwin/amd64" = "sha256:c6f2c5709fba82adcaa248d8a4801800acd7aa847017813af282d2c1b4a95380"
"darwin/arm64" = "sha256:61e81247d80b9a53ce327bf4738aa3f7875ef0d20ef5b25b8166c066383decc0"
"linux/amd64+libc.glibc" = "sha256:b698e2e621ef7fa85341118c1f6a967dbd9e3715a43bab8e484fe0c5aa546762"
"linux/arm64+libc.glibc" = "sha256:eefe4a88f27aa433019a4251eab0b354f9e05bcd8382cd3e8a03d7ab0853b689"
"windows/amd64" = "sha256:f14791518b3eda7d84e18a03bf31b4a1b023c3b0877d1ce6e583adc071660f02"
"windows/arm64" = "sha256:4941b4b3b8159feb1b2891007cc35c5957e24098beecd54bb9aec907c20065e0"
